
Microsoft Visual Studio Solution File, Format Version 12.00
# Visual Studio 15
VisualStudioVersion = 15.0.27428.2037
MinimumVisualStudioVersion = 10.0.40219.1
Project("{9A19103F-16F7-4668-BE54-9A1E7A4F7556}") = "NodejsWebApp2", "NodejsWebApp2.csproj", "{110030BC-9540-4982-AC9A-B9441C7FCD3A}"
EndProject
Global
	GlobalSection(SolutionConfigurationPlatforms) = preSolution
		Debug|Any CPU = Debug|Any CPU
		Release|Any CPU = Release|Any CPU
	EndGlobalSection
	GlobalSection(ProjectConfigurationPlatforms) = postSolution
		{110030BC-9540-4982-AC9A-B9441C7FCD3A}.Debug|Any CPU.ActiveCfg = Debug|Any CPU
		{110030BC-9540-4982-AC9A-B9441C7FCD3A}.Debug|Any CPU.Build.0 = Debug|Any CPU
		{110030BC-9540-4982-AC9A-B9441C7FCD3A}.Release|Any CPU.ActiveCfg = Release|Any CPU
		{110030BC-9540-4982-AC9A-B9441C7FCD3A}.Release|Any CPU.Build.0 = Release|Any CPU
	EndGlobalSection
	GlobalSection(SolutionProperties) = preSolution
		HideSolutionNode = FALSE
	EndGlobalSection
	GlobalSection(ExtensibilityGlobals) = postSolution
		SolutionGuid = {D4571D86-D81D-4C76-97A4-AA7918B194CE}
	EndGlobalSection
EndGlobal
